
Microsoft Visual Studio Solution File, Format Version 12.00
# Visual Studio 15
VisualStudioVersion = 15.0.26430.15
MinimumVisualStudioVersion = 10.0.40219.1
Project("{FAE04EC0-301F-11D3-BF4B-00C04F79EFBC}") = "SuaveControls.MaterialEntry", "SuaveControls.MaterialEntry\SuaveControls.MaterialEntry.csproj", "{67F9D3A8-F71E-4428-913F-C37AE82CDB24}"
EndProject
Project("{FAE04EC0-301F-11D3-BF4B-00C04F79EFBC}") = "SuaveControls.MaterialEntry.Android", "SuaveControls.MaterialEntry.Android\SuaveControls.MaterialEntry.Android.csproj", "{039B364D-B4F1-4164-84CA-D3E2D6F3C006}"
EndProject
Project("{FAE04EC0-301F-11D3-BF4B-00C04F79EFBC}") = "SuaveControls.MaterialEntry.iOS", "SuaveControls.MaterialEntry.iOS\SuaveControls.MaterialEntry.iOS.csproj", "{B3F0A110-EF5B-443C-B3EA-8F57FFB9CDE6}"
EndProject
Project("{FAE04EC0-301F-11D3-BF4B-00C04F79EFBC}") = "SuaveControls.MaterialEntry.UWP", "SuaveControls.MaterialEntry.UWP\SuaveControls.MaterialEntry.UWP.csproj", "{C61B2FA9-1A86-4C7D-BF1A-9D436878A3AB}"
EndProject
Project("{2150E333-8FDC-42A3-9474-1A3956D46DE8}") = "Example", "Example", "{2F0CB02D-4DCC-4B28-ACD8-F7B0D5795378}"
EndProject
Project("{FAE04EC0-301F-11D3-BF4B-00C04F79EFBC}") = "ExampleApp.Android", "..\Example\ExampleApp\ExampleApp.Android\ExampleApp.Android.csproj", "{4B039377-2A3E-4EC1-9619-BF6404E4F817}"
EndProject
Project("{FAE04EC0-301F-11D3-BF4B-00C04F79EFBC}") = "ExampleApp", "..\Example\ExampleApp\ExampleApp\ExampleApp.csproj", "{ED837C38-475E-4153-97E8-5132F8F47825}"
EndProject
Project("{FAE04EC0-301F-11D3-BF4B-00C04F79EFBC}") = "ExampleApp.UWP", "..\Example\ExampleApp\ExampleApp.UWP\ExampleApp.UWP.csproj", "{6CB67749-949C-4CF1-9821-8525F985103D}"
EndProject
Project("{FAE04EC0-301F-11D3-BF4B-00C04F79EFBC}") = "ExampleApp.iOS", "..\Example\ExampleApp\ExampleApp.iOS\ExampleApp.iOS.csproj", "{6AC00FD0-81F3-4233-95C8-E3197130F3CA}"
EndProject
Global
	GlobalSection(SolutionConfigurationPlatforms) = preSolution
		Ad-Hoc|Any CPU = Ad-Hoc|Any CPU
		Ad-Hoc|ARM = Ad-Hoc|ARM
		Ad-Hoc|iPhone = Ad-Hoc|iPhone
		Ad-Hoc|iPhoneSimulator = Ad-Hoc|iPhoneSimulator
		Ad-Hoc|x64 = Ad-Hoc|x64
		Ad-Hoc|x86 = Ad-Hoc|x86
		AppStore|Any CPU = AppStore|Any CPU
		AppStore|ARM = AppStore|ARM
		AppStore|iPhone = AppStore|iPhone
		AppStore|iPhoneSimulator = AppStore|iPhoneSimulator
		AppStore|x64 = AppStore|x64
		AppStore|x86 = AppStore|x86
		Debug|Any CPU = Debug|Any CPU
		Debug|ARM = Debug|ARM
		Debug|iPhone = Debug|iPhone
		Debug|iPhoneSimulator = Debug|iPhoneSimulator
		Debug|x64 = Debug|x64
		Debug|x86 = Debug|x86
		Release|Any CPU = Release|Any CPU
		Release|ARM = Release|ARM
		Release|iPhone = Release|iPhone
		Release|iPhoneSimulator = Release|iPhoneSimulator
		Release|x64 = Release|x64
		Release|x86 = Release|x86
	EndGlobalSection
	GlobalSection(ProjectConfigurationPlatforms) = postSolution
		{67F9D3A8-F71E-4428-913F-C37AE82CDB24}.Ad-Hoc|Any CPU.ActiveCfg = Release|Any CPU
		{67F9D3A8-F71E-4428-913F-C37AE82CDB24}.Ad-Hoc|Any CPU.Build.0 = Release|Any CPU
		{67F9D3A8-F71E-4428-913F-C37AE82CDB24}.Ad-Hoc|ARM.ActiveCfg = Release|Any CPU
		{67F9D3A8-F71E-4428-913F-C37AE82CDB24}.Ad-Hoc|ARM.Build.0 = Release|Any CPU
		{67F9D3A8-F71E-4428-913F-C37AE82CDB24}.Ad-Hoc|iPhone.ActiveCfg = Release|Any CPU
		{67F9D3A8-F71E-4428-913F-C37AE82CDB24}.Ad-Hoc|iPhone.Build.0 = Release|Any CPU
		{67F9D3A8-F71E-4428-913F-C37AE82CDB24}.Ad-Hoc|iPhoneSimulator.ActiveCfg = Release|Any CPU
		{67F9D3A8-F71E-4428-913F-C37AE82CDB24}.Ad-Hoc|iPhoneSimulator.Build.0 = Release|Any CPU
		{67F9D3A8-F71E-4428-913F-C37AE82CDB24}.Ad-Hoc|x64.ActiveCfg = Release|Any CPU
		{67F9D3A8-F71E-4428-913F-C37AE82CDB24}.Ad-Hoc|x64.Build.0 = Release|Any CPU
		{67F9D3A8-F71E-4428-913F-C37AE82CDB24}.Ad-Hoc|x86.ActiveCfg = Release|Any CPU
		{67F9D3A8-F71E-4428-913F-C37AE82CDB24}.Ad-Hoc|x86.Build.0 = Release|Any CPU
		{67F9D3A8-F71E-4428-913F-C37AE82CDB24}.AppStore|Any CPU.ActiveCfg = Release|Any CPU
		{67F9D3A8-F71E-4428-913F-C37AE82CDB24}.AppStore|Any CPU.Build.0 = Release|Any CPU
		{67F9D3A8-F71E-4428-913F-C37AE82CDB24}.AppStore|ARM.ActiveCfg = Release|Any CPU
		{67F9D3A8-F71E-4428-913F-C37AE82CDB24}.AppStore|ARM.Build.0 = Release|Any CPU
		{67F9D3A8-F71E-4428-913F-C37AE82CDB24}.AppStore|iPhone.ActiveCfg = Release|Any CPU
		{67F9D3A8-F71E-4428-913F-C37AE82CDB24}.AppStore|iPhone.Build.0 = Release|Any CPU
		{67F9D3A8-F71E-4428-913F-C37AE82CDB24}.AppStore|iPhoneSimulator.ActiveCfg = Release|Any CPU
		{67F9D3A8-F71E-4428-913F-C37AE82CDB24}.AppStore|iPhoneSimulator.Build.0 = Release|Any CPU
		{67F9D3A8-F71E-4428-913F-C37AE82CDB24}.AppStore|x64.ActiveCfg = Release|Any CPU
		{67F9D3A8-F71E-4428-913F-C37AE82CDB24}.AppStore|x64.Build.0 = Release|Any CPU
		{67F9D3A8-F71E-4428-913F-C37AE82CDB24}.AppStore|x86.ActiveCfg = Release|Any CPU
		{67F9D3A8-F71E-4428-913F-C37AE82CDB24}.AppStore|x86.Build.0 = Release|Any CPU
		{67F9D3A8-F71E-4428-913F-C37AE82CDB24}.Debug|Any CPU.ActiveCfg = Debug|Any CPU
		{67F9D3A8-F71E-4428-913F-C37AE82CDB24}.Debug|Any CPU.Build.0 = Debug|Any CPU
		{67F9D3A8-F71E-4428-913F-C37AE82CDB24}.Debug|ARM.ActiveCfg = Debug|Any CPU
		{67F9D3A8-F71E-4428-913F-C37AE82CDB24}.Debug|ARM.Build.0 = Debug|Any CPU
		{67F9D3A8-F71E-4428-913F-C37AE82CDB24}.Debug|iPhone.ActiveCfg = Debug|Any CPU
		{67F9D3A8-F71E-4428-913F-C37AE82CDB24}.Debug|iPhone.Build.0 = Debug|Any CPU
		{67F9D3A8-F71E-4428-913F-C37AE82CDB24}.Debug|iPhoneSimulator.ActiveCfg = Debug|Any CPU
		{67F9D3A8-F71E-4428-913F-C37AE82CDB24}.Debug|iPhoneSimulator.Build.0 = Debug|Any CPU
		{67F9D3A8-F71E-4428-913F-C37AE82CDB24}.Debug|x64.ActiveCfg = Debug|Any CPU
		{67F9D3A8-F71E-4428-913F-C37AE82CDB24}.Debug|x64.Build.0 = Debug|Any CPU
		{67F9D3A8-F71E-4428-913F-C37AE82CDB24}.Debug|x86.ActiveCfg = Debug|Any CPU
		{67F9D3A8-F71E-4428-913F-C37AE82CDB24}.Debug|x86.Build.0 = Debug|Any CPU
		{67F9D3A8-F71E-4428-913F-C37AE82CDB24}.Release|Any CPU.ActiveCfg = Release|Any CPU
		{67F9D3A8-F71E-4428-913F-C37AE82CDB24}.Release|Any CPU.Build.0 = Release|Any CPU
		{67F9D3A8-F71E-4428-913F-C37AE82CDB24}.Release|ARM.ActiveCfg = Release|Any CPU
		{67F9D3A8-F71E-4428-913F-C37AE82CDB24}.Release|ARM.Build.0 = Release|Any CPU
		{67F9D3A8-F71E-4428-913F-C37AE82CDB24}.Release|iPhone.ActiveCfg = Release|Any CPU
		{67F9D3A8-F71E-4428-913F-C37AE82CDB24}.Release|iPhone.Build.0 = Release|Any CPU
		{67F9D3A8-F71E-4428-913F-C37AE82CDB24}.Release|iPhoneSimulator.ActiveCfg = Release|Any CPU
		{67F9D3A8-F71E-4428-913F-C37AE82CDB24}.Release|iPhoneSimulator.Build.0 = Release|Any CPU
		{67F9D3A8-F71E-4428-913F-C37AE82CDB24}.Release|x64.ActiveCfg = Release|Any CPU
		{67F9D3A8-F71E-4428-913F-C37AE82CDB24}.Release|x64.Build.0 = Release|Any CPU
		{67F9D3A8-F71E-4428-913F-C37AE82CDB24}.Release|x86.ActiveCfg = Release|Any CPU
		{67F9D3A8-F71E-4428-913F-C37AE82CDB24}.Release|x86.Build.0 = Release|Any CPU
		{039B364D-B4F1-4164-84CA-D3E2D6F3C006}.Ad-Hoc|Any CPU.ActiveCfg = Release|Any CPU
		{039B364D-B4F1-4164-84CA-D3E2D6F3C006}.Ad-Hoc|Any CPU.Build.0 = Release|Any CPU
		{039B364D-B4F1-4164-84CA-D3E2D6F3C006}.Ad-Hoc|ARM.ActiveCfg = Release|Any CPU
		{039B364D-B4F1-4164-84CA-D3E2D6F3C006}.Ad-Hoc|ARM.Build.0 = Release|Any CPU
		{039B364D-B4F1-4164-84CA-D3E2D6F3C006}.Ad-Hoc|iPhone.ActiveCfg = Release|Any CPU
		{039B364D-B4F1-4164-84CA-D3E2D6F3C006}.Ad-Hoc|iPhone.Build.0 = Release|Any CPU
		{039B364D-B4F1-4164-84CA-D3E2D6F3C006}.Ad-Hoc|iPhoneSimulator.ActiveCfg = Release|Any CPU
		{039B364D-B4F1-4164-84CA-D3E2D6F3C006}.Ad-Hoc|iPhoneSimulator.Build.0 = Release|Any CPU
		{039B364D-B4F1-4164-84CA-D3E2D6F3C006}.Ad-Hoc|x64.ActiveCfg = Release|Any CPU
		{039B364D-B4F1-4164-84CA-D3E2D6F3C006}.Ad-Hoc|x64.Build.0 = Release|Any CPU
		{039B364D-B4F1-4164-84CA-D3E2D6F3C006}.Ad-Hoc|x86.ActiveCfg = Release|Any CPU
		{039B364D-B4F1-4164-84CA-D3E2D6F3C006}.Ad-Hoc|x86.Build.0 = Release|Any CPU
		{039B364D-B4F1-4164-84CA-D3E2D6F3C006}.AppStore|Any CPU.ActiveCfg = Release|Any CPU
		{039B364D-B4F1-4164-84CA-D3E2D6F3C006}.AppStore|Any CPU.Build.0 = Release|Any CPU
		{039B364D-B4F1-4164-84CA-D3E2D6F3C006}.AppStore|ARM.ActiveCfg = Release|Any CPU
		{039B364D-B4F1-4164-84CA-D3E2D6F3C006}.AppStore|ARM.Build.0 = Release|Any CPU
		{039B364D-B4F1-4164-84CA-D3E2D6F3C006}.AppStore|iPhone.ActiveCfg = Release|Any CPU
		{039B364D-B4F1-4164-84CA-D3E2D6F3C006}.AppStore|iPhone.Build.0 = Release|Any CPU
		{039B364D-B4F1-4164-84CA-D3E2D6F3C006}.AppStore|iPhoneSimulator.ActiveCfg = Release|Any CPU
		{039B364D-B4F1-4164-84CA-D3E2D6F3C006}.AppStore|iPhoneSimulator.Build.0 = Release|Any CPU
		{039B364D-B4F1-4164-84CA-D3E2D6F3C006}.AppStore|x64.ActiveCfg = Release|Any CPU
		{039B364D-B4F1-4164-84CA-D3E2D6F3C006}.AppStore|x64.Build.0 = Release|Any CPU
		{039B364D-B4F1-4164-84CA-D3E2D6F3C006}.AppStore|x86.ActiveCfg = Release|Any CPU
		{039B364D-B4F1-4164-84CA-D3E2D6F3C006}.AppStore|x86.Build.0 = Release|Any CPU
		{039B364D-B4F1-4164-84CA-D3E2D6F3C006}.Debug|Any CPU.ActiveCfg = Debug|Any CPU
		{039B364D-B4F1-4164-84CA-D3E2D6F3C006}.Debug|Any CPU.Build.0 = Debug|Any CPU
		{039B364D-B4F1-4164-84CA-D3E2D6F3C006}.Debug|ARM.ActiveCfg = Debug|Any CPU
		{039B364D-B4F1-4164-84CA-D3E2D6F3C006}.Debug|ARM.Build.0 = Debug|Any CPU
		{039B364D-B4F1-4164-84CA-D3E2D6F3C006}.Debug|iPhone.ActiveCfg = Debug|Any CPU
		{039B364D-B4F1-4164-84CA-D3E2D6F3C006}.Debug|iPhone.Build.0 = Debug|Any CPU
		{039B364D-B4F1-4164-84CA-D3E2D6F3C006}.Debug|iPhoneSimulator.ActiveCfg = Debug|Any CPU
		{039B364D-B4F1-4164-84CA-D3E2D6F3C006}.Debug|iPhoneSimulator.Build.0 = Debug|Any CPU
		{039B364D-B4F1-4164-84CA-D3E2D6F3C006}.Debug|x64.ActiveCfg = Debug|Any CPU
		{039B364D-B4F1-4164-84CA-D3E2D6F3C006}.Debug|x64.Build.0 = Debug|Any CPU
		{039B364D-B4F1-4164-84CA-D3E2D6F3C006}.Debug|x86.ActiveCfg = Debug|Any CPU
		{039B364D-B4F1-4164-84CA-D3E2D6F3C006}.Debug|x86.Build.0 = Debug|Any CPU
		{039B364D-B4F1-4164-84CA-D3E2D6F3C006}.Release|Any CPU.ActiveCfg = Release|Any CPU
		{039B364D-B4F1-4164-84CA-D3E2D6F3C006}.Release|Any CPU.Build.0 = Release|Any CPU
		{039B364D-B4F1-4164-84CA-D3E2D6F3C006}.Release|ARM.ActiveCfg = Release|Any CPU
		{039B364D-B4F1-4164-84CA-D3E2D6F3C006}.Release|ARM.Build.0 = Release|Any CPU
		{039B364D-B4F1-4164-84CA-D3E2D6F3C006}.Release|iPhone.ActiveCfg = Release|Any CPU
		{039B364D-B4F1-4164-84CA-D3E2D6F3C006}.Release|iPhone.Build.0 = Release|Any CPU
		{039B364D-B4F1-4164-84CA-D3E2D6F3C006}.Release|iPhoneSimulator.ActiveCfg = Release|Any CPU
		{039B364D-B4F1-4164-84CA-D3E2D6F3C006}.Release|iPhoneSimulator.Build.0 = Release|Any CPU
		{039B364D-B4F1-4164-84CA-D3E2D6F3C006}.Release|x64.ActiveCfg = Release|Any CPU
		{039B364D-B4F1-4164-84CA-D3E2D6F3C006}.Release|x64.Build.0 = Release|Any CPU
		{039B364D-B4F1-4164-84CA-D3E2D6F3C006}.Release|x86.ActiveCfg = Release|Any CPU
		{039B364D-B4F1-4164-84CA-D3E2D6F3C006}.Release|x86.Build.0 = Release|Any CPU
		{B3F0A110-EF5B-443C-B3EA-8F57FFB9CDE6}.Ad-Hoc|Any CPU.ActiveCfg = Release|Any CPU
		{B3F0A110-EF5B-443C-B3EA-8F57FFB9CDE6}.Ad-Hoc|Any CPU.Build.0 = Release|Any CPU
		{B3F0A110-EF5B-443C-B3EA-8F57FFB9CDE6}.Ad-Hoc|ARM.ActiveCfg = Release|Any CPU
		{B3F0A110-EF5B-443C-B3EA-8F57FFB9CDE6}.Ad-Hoc|ARM.Build.0 = Release|Any CPU
		{B3F0A110-EF5B-443C-B3EA-8F57FFB9CDE6}.Ad-Hoc|iPhone.ActiveCfg = Release|Any CPU
		{B3F0A110-EF5B-443C-B3EA-8F57FFB9CDE6}.Ad-Hoc|iPhone.Build.0 = Release|Any CPU
		{B3F0A110-EF5B-443C-B3EA-8F57FFB9CDE6}.Ad-Hoc|iPhoneSimulator.ActiveCfg = Release|Any CPU
		{B3F0A110-EF5B-443C-B3EA-8F57FFB9CDE6}.Ad-Hoc|iPhoneSimulator.Build.0 = Release|Any CPU
		{B3F0A110-EF5B-443C-B3EA-8F57FFB9CDE6}.Ad-Hoc|x64.ActiveCfg = Release|Any CPU
		{B3F0A110-EF5B-443C-B3EA-8F57FFB9CDE6}.Ad-Hoc|x64.Build.0 = Release|Any CPU
		{B3F0A110-EF5B-443C-B3EA-8F57FFB9CDE6}.Ad-Hoc|x86.ActiveCfg = Release|Any CPU
		{B3F0A110-EF5B-443C-B3EA-8F57FFB9CDE6}.Ad-Hoc|x86.Build.0 = Release|Any CPU
		{B3F0A110-EF5B-443C-B3EA-8F57FFB9CDE6}.AppStore|Any CPU.ActiveCfg = Release|Any CPU
		{B3F0A110-EF5B-443C-B3EA-8F57FFB9CDE6}.AppStore|Any CPU.Build.0 = Release|Any CPU
		{B3F0A110-EF5B-443C-B3EA-8F57FFB9CDE6}.AppStore|ARM.ActiveCfg = Release|Any CPU
		{B3F0A110-EF5B-443C-B3EA-8F57FFB9CDE6}.AppStore|ARM.Build.0 = Release|Any CPU
		{B3F0A110-EF5B-443C-B3EA-8F57FFB9CDE6}.AppStore|iPhone.ActiveCfg = Release|Any CPU
		{B3F0A110-EF5B-443C-B3EA-8F57FFB9CDE6}.AppStore|iPhone.Build.0 = Release|Any CPU
		{B3F0A110-EF5B-443C-B3EA-8F57FFB9CDE6}.AppStore|iPhoneSimulator.ActiveCfg = Release|Any CPU
		{B3F0A110-EF5B-443C-B3EA-8F57FFB9CDE6}.AppStore|iPhoneSimulator.Build.0 = Release|Any CPU
		{B3F0A110-EF5B-443C-B3EA-8F57FFB9CDE6}.AppStore|x64.ActiveCfg = Release|Any CPU
		{B3F0A110-EF5B-443C-B3EA-8F57FFB9CDE6}.AppStore|x64.Build.0 = Release|Any CPU
		{B3F0A110-EF5B-443C-B3EA-8F57FFB9CDE6}.AppStore|x86.ActiveCfg = Release|Any CPU
		{B3F0A110-EF5B-443C-B3EA-8F57FFB9CDE6}.AppStore|x86.Build.0 = Release|Any CPU
		{B3F0A110-EF5B-443C-B3EA-8F57FFB9CDE6}.Debug|Any CPU.ActiveCfg = Debug|Any CPU
		{B3F0A110-EF5B-443C-B3EA-8F57FFB9CDE6}.Debug|Any CPU.Build.0 = Debug|Any CPU
		{B3F0A110-EF5B-443C-B3EA-8F57FFB9CDE6}.Debug|ARM.ActiveCfg = Debug|Any CPU
		{B3F0A110-EF5B-443C-B3EA-8F57FFB9CDE6}.Debug|ARM.Build.0 = Debug|Any CPU
		{B3F0A110-EF5B-443C-B3EA-8F57FFB9CDE6}.Debug|iPhone.ActiveCfg = Debug|Any CPU
		{B3F0A110-EF5B-443C-B3EA-8F57FFB9CDE6}.Debug|iPhone.Build.0 = Debug|Any CPU
		{B3F0A110-EF5B-443C-B3EA-8F57FFB9CDE6}.Debug|iPhoneSimulator.ActiveCfg = Debug|Any CPU
		{B3F0A110-EF5B-443C-B3EA-8F57FFB9CDE6}.Debug|iPhoneSimulator.Build.0 = Debug|Any CPU
		{B3F0A110-EF5B-443C-B3EA-8F57FFB9CDE6}.Debug|x64.ActiveCfg = Debug|Any CPU
		{B3F0A110-EF5B-443C-B3EA-8F57FFB9CDE6}.Debug|x64.Build.0 = Debug|Any CPU
		{B3F0A110-EF5B-443C-B3EA-8F57FFB9CDE6}.Debug|x86.ActiveCfg = Debug|Any CPU
		{B3F0A110-EF5B-443C-B3EA-8F57FFB9CDE6}.Debug|x86.Build.0 = Debug|Any CPU
		{B3F0A110-EF5B-443C-B3EA-8F57FFB9CDE6}.Release|Any CPU.ActiveCfg = Release|Any CPU
		{B3F0A110-EF5B-443C-B3EA-8F57FFB9CDE6}.Release|Any CPU.Build.0 = Release|Any CPU
		{B3F0A110-EF5B-443C-B3EA-8F57FFB9CDE6}.Release|ARM.ActiveCfg = Release|Any CPU
		{B3F0A110-EF5B-443C-B3EA-8F57FFB9CDE6}.Release|ARM.Build.0 = Release|Any CPU
		{B3F0A110-EF5B-443C-B3EA-8F57FFB9CDE6}.Release|iPhone.ActiveCfg = Release|Any CPU
		{B3F0A110-EF5B-443C-B3EA-8F57FFB9CDE6}.Release|iPhone.Build.0 = Release|Any CPU
		{B3F0A110-EF5B-443C-B3EA-8F57FFB9CDE6}.Release|iPhoneSimulator.ActiveCfg = Release|Any CPU
		{B3F0A110-EF5B-443C-B3EA-8F57FFB9CDE6}.Release|iPhoneSimulator.Build.0 = Release|Any CPU
		{B3F0A110-EF5B-443C-B3EA-8F57FFB9CDE6}.Release|x64.ActiveCfg = Release|Any CPU
		{B3F0A110-EF5B-443C-B3EA-8F57FFB9CDE6}.Release|x64.Build.0 = Release|Any CPU
		{B3F0A110-EF5B-443C-B3EA-8F57FFB9CDE6}.Release|x86.ActiveCfg = Release|Any CPU
		{B3F0A110-EF5B-443C-B3EA-8F57FFB9CDE6}.Release|x86.Build.0 = Release|Any CPU
		{C61B2FA9-1A86-4C7D-BF1A-9D436878A3AB}.Ad-Hoc|Any CPU.ActiveCfg = Release|Any CPU
		{C61B2FA9-1A86-4C7D-BF1A-9D436878A3AB}.Ad-Hoc|Any CPU.Build.0 = Release|Any CPU
		{C61B2FA9-1A86-4C7D-BF1A-9D436878A3AB}.Ad-Hoc|ARM.ActiveCfg = Release|ARM
		{C61B2FA9-1A86-4C7D-BF1A-9D436878A3AB}.Ad-Hoc|ARM.Build.0 = Release|ARM
		{C61B2FA9-1A86-4C7D-BF1A-9D436878A3AB}.Ad-Hoc|iPhone.ActiveCfg = Release|Any CPU
		{C61B2FA9-1A86-4C7D-BF1A-9D436878A3AB}.Ad-Hoc|iPhone.Build.0 = Release|Any CPU
		{C61B2FA9-1A86-4C7D-BF1A-9D436878A3AB}.Ad-Hoc|iPhoneSimulator.ActiveCfg = Release|Any CPU
		{C61B2FA9-1A86-4C7D-BF1A-9D436878A3AB}.Ad-Hoc|iPhoneSimulator.Build.0 = Release|Any CPU
		{C61B2FA9-1A86-4C7D-BF1A-9D436878A3AB}.Ad-Hoc|x64.ActiveCfg = Release|x64
		{C61B2FA9-1A86-4C7D-BF1A-9D436878A3AB}.Ad-Hoc|x64.Build.0 = Release|x64
		{C61B2FA9-1A86-4C7D-BF1A-9D436878A3AB}.Ad-Hoc|x86.ActiveCfg = Release|x86
		{C61B2FA9-1A86-4C7D-BF1A-9D436878A3AB}.Ad-Hoc|x86.Build.0 = Release|x86
		{C61B2FA9-1A86-4C7D-BF1A-9D436878A3AB}.AppStore|Any CPU.ActiveCfg = Release|Any CPU
		{C61B2FA9-1A86-4C7D-BF1A-9D436878A3AB}.AppStore|Any CPU.Build.0 = Release|Any CPU
		{C61B2FA9-1A86-4C7D-BF1A-9D436878A3AB}.AppStore|ARM.ActiveCfg = Release|ARM
		{C61B2FA9-1A86-4C7D-BF1A-9D436878A3AB}.AppStore|ARM.Build.0 = Release|ARM
		{C61B2FA9-1A86-4C7D-BF1A-9D436878A3AB}.AppStore|iPhone.ActiveCfg = Release|Any CPU
		{C61B2FA9-1A86-4C7D-BF1A-9D436878A3AB}.AppStore|iPhone.Build.0 = Release|Any CPU
		{C61B2FA9-1A86-4C7D-BF1A-9D436878A3AB}.AppStore|iPhoneSimulator.ActiveCfg = Release|Any CPU
		{C61B2FA9-1A86-4C7D-BF1A-9D436878A3AB}.AppStore|iPhoneSimulator.Build.0 = Release|Any CPU
		{C61B2FA9-1A86-4C7D-BF1A-9D436878A3AB}.AppStore|x64.ActiveCfg = Release|x64
		{C61B2FA9-1A86-4C7D-BF1A-9D436878A3AB}.AppStore|x64.Build.0 = Release|x64
		{C61B2FA9-1A86-4C7D-BF1A-9D436878A3AB}.AppStore|x86.ActiveCfg = Release|x86
		{C61B2FA9-1A86-4C7D-BF1A-9D436878A3AB}.AppStore|x86.Build.0 = Release|x86
		{C61B2FA9-1A86-4C7D-BF1A-9D436878A3AB}.Debug|Any CPU.ActiveCfg = Debug|Any CPU
		{C61B2FA9-1A86-4C7D-BF1A-9D436878A3AB}.Debug|Any CPU.Build.0 = Debug|Any CPU
		{C61B2FA9-1A86-4C7D-BF1A-9D436878A3AB}.Debug|ARM.ActiveCfg = Debug|ARM
		{C61B2FA9-1A86-4C7D-BF1A-9D436878A3AB}.Debug|ARM.Build.0 = Debug|ARM
		{C61B2FA9-1A86-4C7D-BF1A-9D436878A3AB}.Debug|iPhone.ActiveCfg = Debug|Any CPU
		{C61B2FA9-1A86-4C7D-BF1A-9D436878A3AB}.Debug|iPhone.Build.0 = Debug|Any CPU
		{C61B2FA9-1A86-4C7D-BF1A-9D436878A3AB}.Debug|iPhoneSimulator.ActiveCfg = Debug|Any CPU
		{C61B2FA9-1A86-4C7D-BF1A-9D436878A3AB}.Debug|iPhoneSimulator.Build.0 = Debug|Any CPU
		{C61B2FA9-1A86-4C7D-BF1A-9D436878A3AB}.Debug|x64.ActiveCfg = Debug|x64
		{C61B2FA9-1A86-4C7D-BF1A-9D436878A3AB}.Debug|x64.Build.0 = Debug|x64
		{C61B2FA9-1A86-4C7D-BF1A-9D436878A3AB}.Debug|x86.ActiveCfg = Debug|x86
		{C61B2FA9-1A86-4C7D-BF1A-9D436878A3AB}.Debug|x86.Build.0 = Debug|x86
		{C61B2FA9-1A86-4C7D-BF1A-9D436878A3AB}.Release|Any CPU.ActiveCfg = Release|Any CPU
		{C61B2FA9-1A86-4C7D-BF1A-9D436878A3AB}.Release|Any CPU.Build.0 = Release|Any CPU
		{C61B2FA9-1A86-4C7D-BF1A-9D436878A3AB}.Release|ARM.ActiveCfg = Release|ARM
		{C61B2FA9-1A86-4C7D-BF1A-9D436878A3AB}.Release|ARM.Build.0 = Release|ARM
		{C61B2FA9-1A86-4C7D-BF1A-9D436878A3AB}.Release|iPhone.ActiveCfg = Release|Any CPU
		{C61B2FA9-1A86-4C7D-BF1A-9D436878A3AB}.Release|iPhone.Build.0 = Release|Any CPU
		{C61B2FA9-1A86-4C7D-BF1A-9D436878A3AB}.Release|iPhoneSimulator.ActiveCfg = Release|Any CPU
		{C61B2FA9-1A86-4C7D-BF1A-9D436878A3AB}.Release|iPhoneSimulator.Build.0 = Release|Any CPU
		{C61B2FA9-1A86-4C7D-BF1A-9D436878A3AB}.Release|x64.ActiveCfg = Release|x64
		{C61B2FA9-1A86-4C7D-BF1A-9D436878A3AB}.Release|x64.Build.0 = Release|x64
		{C61B2FA9-1A86-4C7D-BF1A-9D436878A3AB}.Release|x86.ActiveCfg = Release|x86
		{C61B2FA9-1A86-4C7D-BF1A-9D436878A3AB}.Release|x86.Build.0 = Release|x86
		{4B039377-2A3E-4EC1-9619-BF6404E4F817}.Ad-Hoc|Any CPU.ActiveCfg = Release|Any CPU
		{4B039377-2A3E-4EC1-9619-BF6404E4F817}.Ad-Hoc|Any CPU.Build.0 = Release|Any CPU
		{4B039377-2A3E-4EC1-9619-BF6404E4F817}.Ad-Hoc|Any CPU.Deploy.0 = Release|Any CPU
		{4B039377-2A3E-4EC1-9619-BF6404E4F817}.Ad-Hoc|ARM.ActiveCfg = Release|Any CPU
		{4B039377-2A3E-4EC1-9619-BF6404E4F817}.Ad-Hoc|ARM.Build.0 = Release|Any CPU
		{4B039377-2A3E-4EC1-9619-BF6404E4F817}.Ad-Hoc|ARM.Deploy.0 = Release|Any CPU
		{4B039377-2A3E-4EC1-9619-BF6404E4F817}.Ad-Hoc|iPhone.ActiveCfg = Release|Any CPU
		{4B039377-2A3E-4EC1-9619-BF6404E4F817}.Ad-Hoc|iPhone.Build.0 = Release|Any CPU
		{4B039377-2A3E-4EC1-9619-BF6404E4F817}.Ad-Hoc|iPhone.Deploy.0 = Release|Any CPU
		{4B039377-2A3E-4EC1-9619-BF6404E4F817}.Ad-Hoc|iPhoneSimulator.ActiveCfg = Release|Any CPU
		{4B039377-2A3E-4EC1-9619-BF6404E4F817}.Ad-Hoc|iPhoneSimulator.Build.0 = Release|Any CPU
		{4B039377-2A3E-4EC1-9619-BF6404E4F817}.Ad-Hoc|iPhoneSimulator.Deploy.0 = Release|Any CPU
		{4B039377-2A3E-4EC1-9619-BF6404E4F817}.Ad-Hoc|x64.ActiveCfg = Release|Any CPU
		{4B039377-2A3E-4EC1-9619-BF6404E4F817}.Ad-Hoc|x64.Build.0 = Release|Any CPU
		{4B039377-2A3E-4EC1-9619-BF6404E4F817}.Ad-Hoc|x64.Deploy.0 = Release|Any CPU
		{4B039377-2A3E-4EC1-9619-BF6404E4F817}.Ad-Hoc|x86.ActiveCfg = Release|Any CPU
		{4B039377-2A3E-4EC1-9619-BF6404E4F817}.Ad-Hoc|x86.Build.0 = Release|Any CPU
		{4B039377-2A3E-4EC1-9619-BF6404E4F817}.Ad-Hoc|x86.Deploy.0 = Release|Any CPU
		{4B039377-2A3E-4EC1-9619-BF6404E4F817}.AppStore|Any CPU.ActiveCfg = Release|Any CPU
		{4B039377-2A3E-4EC1-9619-BF6404E4F817}.AppStore|Any CPU.Build.0 = Release|Any CPU
		{4B039377-2A3E-4EC1-9619-BF6404E4F817}.AppStore|Any CPU.Deploy.0 = Release|Any CPU
		{4B039377-2A3E-4EC1-9619-BF6404E4F817}.AppStore|ARM.ActiveCfg = Release|Any CPU
		{4B039377-2A3E-4EC1-9619-BF6404E4F817}.AppStore|ARM.Build.0 = Release|Any CPU
		{4B039377-2A3E-4EC1-9619-BF6404E4F817}.AppStore|ARM.Deploy.0 = Release|Any CPU
		{4B039377-2A3E-4EC1-9619-BF6404E4F817}.AppStore|iPhone.ActiveCfg = Release|Any CPU
		{4B039377-2A3E-4EC1-9619-BF6404E4F817}.AppStore|iPhone.Build.0 = Release|Any CPU
		{4B039377-2A3E-4EC1-9619-BF6404E4F817}.AppStore|iPhone.Deploy.0 = Release|Any CPU
		{4B039377-2A3E-4EC1-9619-BF6404E4F817}.AppStore|iPhoneSimulator.ActiveCfg = Release|Any CPU
		{4B039377-2A3E-4EC1-9619-BF6404E4F817}.AppStore|iPhoneSimulator.Build.0 = Release|Any CPU
		{4B039377-2A3E-4EC1-9619-BF6404E4F817}.AppStore|iPhoneSimulator.Deploy.0 = Release|Any CPU
		{4B039377-2A3E-4EC1-9619-BF6404E4F817}.AppStore|x64.ActiveCfg = Release|Any CPU
		{4B039377-2A3E-4EC1-9619-BF6404E4F817}.AppStore|x64.Build.0 = Release|Any CPU
		{4B039377-2A3E-4EC1-9619-BF6404E4F817}.AppStore|x64.Deploy.0 = Release|Any CPU
		{4B039377-2A3E-4EC1-9619-BF6404E4F817}.AppStore|x86.ActiveCfg = Release|Any CPU
		{4B039377-2A3E-4EC1-9619-BF6404E4F817}.AppStore|x86.Build.0 = Release|Any CPU
		{4B039377-2A3E-4EC1-9619-BF6404E4F817}.AppStore|x86.Deploy.0 = Release|Any CPU
		{4B039377-2A3E-4EC1-9619-BF6404E4F817}.Debug|Any CPU.ActiveCfg = Debug|Any CPU
		{4B039377-2A3E-4EC1-9619-BF6404E4F817}.Debug|Any CPU.Build.0 = Debug|Any CPU
		{4B039377-2A3E-4EC1-9619-BF6404E4F817}.Debug|Any CPU.Deploy.0 = Debug|Any CPU
		{4B039377-2A3E-4EC1-9619-BF6404E4F817}.Debug|ARM.ActiveCfg = Debug|Any CPU
		{4B039377-2A3E-4EC1-9619-BF6404E4F817}.Debug|ARM.Build.0 = Debug|Any CPU
		{4B039377-2A3E-4EC1-9619-BF6404E4F817}.Debug|ARM.Deploy.0 = Debug|Any CPU
		{4B039377-2A3E-4EC1-9619-BF6404E4F817}.Debug|iPhone.ActiveCfg = Debug|Any CPU
		{4B039377-2A3E-4EC1-9619-BF6404E4F817}.Debug|iPhone.Build.0 = Debug|Any CPU
		{4B039377-2A3E-4EC1-9619-BF6404E4F817}.Debug|iPhone.Deploy.0 = Debug|Any CPU
		{4B039377-2A3E-4EC1-9619-BF6404E4F817}.Debug|iPhoneSimulator.ActiveCfg = Debug|Any CPU
		{4B039377-2A3E-4EC1-9619-BF6404E4F817}.Debug|iPhoneSimulator.Build.0 = Debug|Any CPU
		{4B039377-2A3E-4EC1-9619-BF6404E4F817}.Debug|iPhoneSimulator.Deploy.0 = Debug|Any CPU
		{4B039377-2A3E-4EC1-9619-BF6404E4F817}.Debug|x64.ActiveCfg = Debug|Any CPU
		{4B039377-2A3E-4EC1-9619-BF6404E4F817}.Debug|x64.Build.0 = Debug|Any CPU
		{4B039377-2A3E-4EC1-9619-BF6404E4F817}.Debug|x64.Deploy.0 = Debug|Any CPU
		{4B039377-2A3E-4EC1-9619-BF6404E4F817}.Debug|x86.ActiveCfg = Debug|Any CPU
		{4B039377-2A3E-4EC1-9619-BF6404E4F817}.Debug|x86.Build.0 = Debug|Any CPU
		{4B039377-2A3E-4EC1-9619-BF6404E4F817}.Debug|x86.Deploy.0 = Debug|Any CPU
		{4B039377-2A3E-4EC1-9619-BF6404E4F817}.Release|Any CPU.ActiveCfg = Release|Any CPU
		{4B039377-2A3E-4EC1-9619-BF6404E4F817}.Release|Any CPU.Build.0 = Release|Any CPU
		{4B039377-2A3E-4EC1-9619-BF6404E4F817}.Release|Any CPU.Deploy.0 = Release|Any CPU
		{4B039377-2A3E-4EC1-9619-BF6404E4F817}.Release|ARM.ActiveCfg = Release|Any CPU
		{4B039377-2A3E-4EC1-9619-BF6404E4F817}.Release|ARM.Build.0 = Release|Any CPU
		{4B039377-2A3E-4EC1-9619-BF6404E4F817}.Release|ARM.Deploy.0 = Release|Any CPU
		{4B039377-2A3E-4EC1-9619-BF6404E4F817}.Release|iPhone.ActiveCfg = Release|Any CPU
		{4B039377-2A3E-4EC1-9619-BF6404E4F817}.Release|iPhone.Build.0 = Release|Any CPU
		{4B039377-2A3E-4EC1-9619-BF6404E4F817}.Release|iPhone.Deploy.0 = Release|Any CPU
		{4B039377-2A3E-4EC1-9619-BF6404E4F817}.Release|iPhoneSimulator.ActiveCfg = Release|Any CPU
		{4B039377-2A3E-4EC1-9619-BF6404E4F817}.Release|iPhoneSimulator.Build.0 = Release|Any CPU
		{4B039377-2A3E-4EC1-9619-BF6404E4F817}.Release|iPhoneSimulator.Deploy.0 = Release|Any CPU
		{4B039377-2A3E-4EC1-9619-BF6404E4F817}.Release|x64.ActiveCfg = Release|Any CPU
		{4B039377-2A3E-4EC1-9619-BF6404E4F817}.Release|x64.Build.0 = Release|Any CPU
		{4B039377-2A3E-4EC1-9619-BF6404E4F817}.Release|x64.Deploy.0 = Release|Any CPU
		{4B039377-2A3E-4EC1-9619-BF6404E4F817}.Release|x86.ActiveCfg = Release|Any CPU
		{4B039377-2A3E-4EC1-9619-BF6404E4F817}.Release|x86.Build.0 = Release|Any CPU
		{4B039377-2A3E-4EC1-9619-BF6404E4F817}.Release|x86.Deploy.0 = Release|Any CPU
		{ED837C38-475E-4153-97E8-5132F8F47825}.Ad-Hoc|Any CPU.ActiveCfg = Release|Any CPU
		{ED837C38-475E-4153-97E8-5132F8F47825}.Ad-Hoc|Any CPU.Build.0 = Release|Any CPU
		{ED837C38-475E-4153-97E8-5132F8F47825}.Ad-Hoc|ARM.ActiveCfg = Release|Any CPU
		{ED837C38-475E-4153-97E8-5132F8F47825}.Ad-Hoc|ARM.Build.0 = Release|Any CPU
		{ED837C38-475E-4153-97E8-5132F8F47825}.Ad-Hoc|iPhone.ActiveCfg = Release|Any CPU
		{ED837C38-475E-4153-97E8-5132F8F47825}.Ad-Hoc|iPhone.Build.0 = Release|Any CPU
		{ED837C38-475E-4153-97E8-5132F8F47825}.Ad-Hoc|iPhoneSimulator.ActiveCfg = Release|Any CPU
		{ED837C38-475E-4153-97E8-5132F8F47825}.Ad-Hoc|iPhoneSimulator.Build.0 = Release|Any CPU
		{ED837C38-475E-4153-97E8-5132F8F47825}.Ad-Hoc|x64.ActiveCfg = Release|Any CPU
		{ED837C38-475E-4153-97E8-5132F8F47825}.Ad-Hoc|x64.Build.0 = Release|Any CPU
		{ED837C38-475E-4153-97E8-5132F8F47825}.Ad-Hoc|x86.ActiveCfg = Release|Any CPU
		{ED837C38-475E-4153-97E8-5132F8F47825}.Ad-Hoc|x86.Build.0 = Release|Any CPU
		{ED837C38-475E-4153-97E8-5132F8F47825}.AppStore|Any CPU.ActiveCfg = Release|Any CPU
		{ED837C38-475E-4153-97E8-5132F8F47825}.AppStore|Any CPU.Build.0 = Release|Any CPU
		{ED837C38-475E-4153-97E8-5132F8F47825}.AppStore|ARM.ActiveCfg = Release|Any CPU
		{ED837C38-475E-4153-97E8-5132F8F47825}.AppStore|ARM.Build.0 = Release|Any CPU
		{ED837C38-475E-4153-97E8-5132F8F47825}.AppStore|iPhone.ActiveCfg = Release|Any CPU
		{ED837C38-475E-4153-97E8-5132F8F47825}.AppStore|iPhone.Build.0 = Release|Any CPU
		{ED837C38-475E-4153-97E8-5132F8F47825}.AppStore|iPhoneSimulator.ActiveCfg = Release|Any CPU
		{ED837C38-475E-4153-97E8-5132F8F47825}.AppStore|iPhoneSimulator.Build.0 = Release|Any CPU
		{ED837C38-475E-4153-97E8-5132F8F47825}.AppStore|x64.ActiveCfg = Release|Any CPU
		{ED837C38-475E-4153-97E8-5132F8F47825}.AppStore|x64.Build.0 = Release|Any CPU
		{ED837C38-475E-4153-97E8-5132F8F47825}.AppStore|x86.ActiveCfg = Release|Any CPU
		{ED837C38-475E-4153-97E8-5132F8F47825}.AppStore|x86.Build.0 = Release|Any CPU
		{ED837C38-475E-4153-97E8-5132F8F47825}.Debug|Any CPU.ActiveCfg = Debug|Any CPU
		{ED837C38-475E-4153-97E8-5132F8F47825}.Debug|Any CPU.Build.0 = Debug|Any CPU
		{ED837C38-475E-4153-97E8-5132F8F47825}.Debug|ARM.ActiveCfg = Debug|Any CPU
		{ED837C38-475E-4153-97E8-5132F8F47825}.Debug|ARM.Build.0 = Debug|Any CPU
		{ED837C38-475E-4153-97E8-5132F8F47825}.Debug|iPhone.ActiveCfg = Debug|Any CPU
		{ED837C38-475E-4153-97E8-5132F8F47825}.Debug|iPhone.Build.0 = Debug|Any CPU
		{ED837C38-475E-4153-97E8-5132F8F47825}.Debug|iPhoneSimulator.ActiveCfg = Debug|Any CPU
		{ED837C38-475E-4153-97E8-5132F8F47825}.Debug|iPhoneSimulator.Build.0 = Debug|Any CPU
		{ED837C38-475E-4153-97E8-5132F8F47825}.Debug|x64.ActiveCfg = Debug|Any CPU
		{ED837C38-475E-4153-97E8-5132F8F47825}.Debug|x64.Build.0 = Debug|Any CPU
		{ED837C38-475E-4153-97E8-5132F8F47825}.Debug|x86.ActiveCfg = Debug|Any CPU
		{ED837C38-475E-4153-97E8-5132F8F47825}.Debug|x86.Build.0 = Debug|Any CPU
		{ED837C38-475E-4153-97E8-5132F8F47825}.Release|Any CPU.ActiveCfg = Release|Any CPU
		{ED837C38-475E-4153-97E8-5132F8F47825}.Release|Any CPU.Build.0 = Release|Any CPU
		{ED837C38-475E-4153-97E8-5132F8F47825}.Release|ARM.ActiveCfg = Release|Any CPU
		{ED837C38-475E-4153-97E8-5132F8F47825}.Release|ARM.Build.0 = Release|Any CPU
		{ED837C38-475E-4153-97E8-5132F8F47825}.Release|iPhone.ActiveCfg = Release|Any CPU
		{ED837C38-475E-4153-97E8-5132F8F47825}.Release|iPhone.Build.0 = Release|Any CPU
		{ED837C38-475E-4153-97E8-5132F8F47825}.Release|iPhoneSimulator.ActiveCfg = Release|Any CPU
		{ED837C38-475E-4153-97E8-5132F8F47825}.Release|iPhoneSimulator.Build.0 = Release|Any CPU
		{ED837C38-475E-4153-97E8-5132F8F47825}.Release|x64.ActiveCfg = Release|Any CPU
		{ED837C38-475E-4153-97E8-5132F8F47825}.Release|x64.Build.0 = Release|Any CPU
		{ED837C38-475E-4153-97E8-5132F8F47825}.Release|x86.ActiveCfg = Release|Any CPU
		{ED837C38-475E-4153-97E8-5132F8F47825}.Release|x86.Build.0 = Release|Any CPU
		{6CB67749-949C-4CF1-9821-8525F985103D}.Ad-Hoc|Any CPU.ActiveCfg = Release|x86
		{6CB67749-949C-4CF1-9821-8525F985103D}.Ad-Hoc|Any CPU.Build.0 = Release|x86
		{6CB67749-949C-4CF1-9821-8525F985103D}.Ad-Hoc|Any CPU.Deploy.0 = Release|x86
		{6CB67749-949C-4CF1-9821-8525F985103D}.Ad-Hoc|ARM.ActiveCfg = Release|ARM
		{6CB67749-949C-4CF1-9821-8525F985103D}.Ad-Hoc|ARM.Build.0 = Release|ARM
		{6CB67749-949C-4CF1-9821-8525F985103D}.Ad-Hoc|ARM.Deploy.0 = Release|ARM
		{6CB67749-949C-4CF1-9821-8525F985103D}.Ad-Hoc|iPhone.ActiveCfg = Release|x86
		{6CB67749-949C-4CF1-9821-8525F985103D}.Ad-Hoc|iPhone.Build.0 = Release|x86
		{6CB67749-949C-4CF1-9821-8525F985103D}.Ad-Hoc|iPhone.Deploy.0 = Release|x86
		{6CB67749-949C-4CF1-9821-8525F985103D}.Ad-Hoc|iPhoneSimulator.ActiveCfg = Release|x86
		{6CB67749-949C-4CF1-9821-8525F985103D}.Ad-Hoc|iPhoneSimulator.Build.0 = Release|x86
		{6CB67749-949C-4CF1-9821-8525F985103D}.Ad-Hoc|iPhoneSimulator.Deploy.0 = Release|x86
		{6CB67749-949C-4CF1-9821-8525F985103D}.Ad-Hoc|x64.ActiveCfg = Release|x64
		{6CB67749-949C-4CF1-9821-8525F985103D}.Ad-Hoc|x64.Build.0 = Release|x64
		{6CB67749-949C-4CF1-9821-8525F985103D}.Ad-Hoc|x64.Deploy.0 = Release|x64
		{6CB67749-949C-4CF1-9821-8525F985103D}.Ad-Hoc|x86.ActiveCfg = Release|x86
		{6CB67749-949C-4CF1-9821-8525F985103D}.Ad-Hoc|x86.Build.0 = Release|x86
		{6CB67749-949C-4CF1-9821-8525F985103D}.Ad-Hoc|x86.Deploy.0 = Release|x86
		{6CB67749-949C-4CF1-9821-8525F985103D}.AppStore|Any CPU.ActiveCfg = Release|x86
		{6CB67749-949C-4CF1-9821-8525F985103D}.AppStore|Any CPU.Build.0 = Release|x86
		{6CB67749-949C-4CF1-9821-8525F985103D}.AppStore|Any CPU.Deploy.0 = Release|x86
		{6CB67749-949C-4CF1-9821-8525F985103D}.AppStore|ARM.ActiveCfg = Release|ARM
		{6CB67749-949C-4CF1-9821-8525F985103D}.AppStore|ARM.Build.0 = Release|ARM
		{6CB67749-949C-4CF1-9821-8525F985103D}.AppStore|ARM.Deploy.0 = Release|ARM
		{6CB67749-949C-4CF1-9821-8525F985103D}.AppStore|iPhone.ActiveCfg = Release|x86
		{6CB67749-949C-4CF1-9821-8525F985103D}.AppStore|iPhone.Build.0 = Release|x86
		{6CB67749-949C-4CF1-9821-8525F985103D}.AppStore|iPhone.Deploy.0 = Release|x86
		{6CB67749-949C-4CF1-9821-8525F985103D}.AppStore|iPhoneSimulator.ActiveCfg = Release|x86
		{6CB67749-949C-4CF1-9821-8525F985103D}.AppStore|iPhoneSimulator.Build.0 = Release|x86
		{6CB67749-949C-4CF1-9821-8525F985103D}.AppStore|iPhoneSimulator.Deploy.0 = Release|x86
		{6CB67749-949C-4CF1-9821-8525F985103D}.AppStore|x64.ActiveCfg = Release|x64
		{6CB67749-949C-4CF1-9821-8525F985103D}.AppStore|x64.Build.0 = Release|x64
		{6CB67749-949C-4CF1-9821-8525F985103D}.AppStore|x64.Deploy.0 = Release|x64
		{6CB67749-949C-4CF1-9821-8525F985103D}.AppStore|x86.ActiveCfg = Release|x86
		{6CB67749-949C-4CF1-9821-8525F985103D}.AppStore|x86.Build.0 = Release|x86
		{6CB67749-949C-4CF1-9821-8525F985103D}.AppStore|x86.Deploy.0 = Release|x86
		{6CB67749-949C-4CF1-9821-8525F985103D}.Debug|Any CPU.ActiveCfg = Debug|x86
		{6CB67749-949C-4CF1-9821-8525F985103D}.Debug|ARM.ActiveCfg = Debug|ARM
		{6CB67749-949C-4CF1-9821-8525F985103D}.Debug|ARM.Build.0 = Debug|ARM
		{6CB67749-949C-4CF1-9821-8525F985103D}.Debug|ARM.Deploy.0 = Debug|ARM
		{6CB67749-949C-4CF1-9821-8525F985103D}.Debug|iPhone.ActiveCfg = Debug|x86
		{6CB67749-949C-4CF1-9821-8525F985103D}.Debug|iPhoneSimulator.ActiveCfg = Debug|x86
		{6CB67749-949C-4CF1-9821-8525F985103D}.Debug|x64.ActiveCfg = Debug|x64
		{6CB67749-949C-4CF1-9821-8525F985103D}.Debug|x64.Build.0 = Debug|x64
		{6CB67749-949C-4CF1-9821-8525F985103D}.Debug|x64.Deploy.0 = Debug|x64
		{6CB67749-949C-4CF1-9821-8525F985103D}.Debug|x86.ActiveCfg = Debug|x86
		{6CB67749-949C-4CF1-9821-8525F985103D}.Debug|x86.Build.0 = Debug|x86
		{6CB67749-949C-4CF1-9821-8525F985103D}.Debug|x86.Deploy.0 = Debug|x86
		{6CB67749-949C-4CF1-9821-8525F985103D}.Release|Any CPU.ActiveCfg = Release|x86
		{6CB67749-949C-4CF1-9821-8525F985103D}.Release|ARM.ActiveCfg = Release|ARM
		{6CB67749-949C-4CF1-9821-8525F985103D}.Release|ARM.Build.0 = Release|ARM
		{6CB67749-949C-4CF1-9821-8525F985103D}.Release|ARM.Deploy.0 = Release|ARM
		{6CB67749-949C-4CF1-9821-8525F985103D}.Release|iPhone.ActiveCfg = Release|x86
		{6CB67749-949C-4CF1-9821-8525F985103D}.Release|iPhoneSimulator.ActiveCfg = Release|x86
		{6CB67749-949C-4CF1-9821-8525F985103D}.Release|x64.ActiveCfg = Release|x64
		{6CB67749-949C-4CF1-9821-8525F985103D}.Release|x64.Build.0 = Release|x64
		{6CB67749-949C-4CF1-9821-8525F985103D}.Release|x64.Deploy.0 = Release|x64
		{6CB67749-949C-4CF1-9821-8525F985103D}.Release|x86.ActiveCfg = Release|x86
		{6CB67749-949C-4CF1-9821-8525F985103D}.Release|x86.Build.0 = Release|x86
		{6CB67749-949C-4CF1-9821-8525F985103D}.Release|x86.Deploy.0 = Release|x86
		{6AC00FD0-81F3-4233-95C8-E3197130F3CA}.Ad-Hoc|Any CPU.ActiveCfg = Ad-Hoc|iPhone
		{6AC00FD0-81F3-4233-95C8-E3197130F3CA}.Ad-Hoc|ARM.ActiveCfg = Ad-Hoc|iPhone
		{6AC00FD0-81F3-4233-95C8-E3197130F3CA}.Ad-Hoc|iPhone.ActiveCfg = Ad-Hoc|iPhone
		{6AC00FD0-81F3-4233-95C8-E3197130F3CA}.Ad-Hoc|iPhone.Build.0 = Ad-Hoc|iPhone
		{6AC00FD0-81F3-4233-95C8-E3197130F3CA}.Ad-Hoc|iPhoneSimulator.ActiveCfg = Ad-Hoc|iPhoneSimulator
		{6AC00FD0-81F3-4233-95C8-E3197130F3CA}.Ad-Hoc|iPhoneSimulator.Build.0 = Ad-Hoc|iPhoneSimulator
		{6AC00FD0-81F3-4233-95C8-E3197130F3CA}.Ad-Hoc|x64.ActiveCfg = Ad-Hoc|iPhone
		{6AC00FD0-81F3-4233-95C8-E3197130F3CA}.Ad-Hoc|x86.ActiveCfg = Ad-Hoc|iPhone
		{6AC00FD0-81F3-4233-95C8-E3197130F3CA}.AppStore|Any CPU.ActiveCfg = AppStore|iPhone
		{6AC00FD0-81F3-4233-95C8-E3197130F3CA}.AppStore|ARM.ActiveCfg = AppStore|iPhone
		{6AC00FD0-81F3-4233-95C8-E3197130F3CA}.AppStore|iPhone.ActiveCfg = AppStore|iPhone
		{6AC00FD0-81F3-4233-95C8-E3197130F3CA}.AppStore|iPhone.Build.0 = AppStore|iPhone
		{6AC00FD0-81F3-4233-95C8-E3197130F3CA}.AppStore|iPhoneSimulator.ActiveCfg = AppStore|iPhoneSimulator
		{6AC00FD0-81F3-4233-95C8-E3197130F3CA}.AppStore|iPhoneSimulator.Build.0 = AppStore|iPhoneSimulator
		{6AC00FD0-81F3-4233-95C8-E3197130F3CA}.AppStore|x64.ActiveCfg = AppStore|iPhone
		{6AC00FD0-81F3-4233-95C8-E3197130F3CA}.AppStore|x86.ActiveCfg = AppStore|iPhone
		{6AC00FD0-81F3-4233-95C8-E3197130F3CA}.Debug|Any CPU.ActiveCfg = Debug|iPhone
		{6AC00FD0-81F3-4233-95C8-E3197130F3CA}.Debug|ARM.ActiveCfg = Debug|iPhone
		{6AC00FD0-81F3-4233-95C8-E3197130F3CA}.Debug|iPhone.ActiveCfg = Debug|iPhone
		{6AC00FD0-81F3-4233-95C8-E3197130F3CA}.Debug|iPhone.Build.0 = Debug|iPhone
		{6AC00FD0-81F3-4233-95C8-E3197130F3CA}.Debug|iPhoneSimulator.ActiveCfg = Debug|iPhoneSimulator
		{6AC00FD0-81F3-4233-95C8-E3197130F3CA}.Debug|iPhoneSimulator.Build.0 = Debug|iPhoneSimulator
		{6AC00FD0-81F3-4233-95C8-E3197130F3CA}.Debug|x64.ActiveCfg = Debug|iPhone
		{6AC00FD0-81F3-4233-95C8-E3197130F3CA}.Debug|x86.ActiveCfg = Debug|iPhone
		{6AC00FD0-81F3-4233-95C8-E3197130F3CA}.Release|Any CPU.ActiveCfg = Release|iPhone
		{6AC00FD0-81F3-4233-95C8-E3197130F3CA}.Release|ARM.ActiveCfg = Release|iPhone
		{6AC00FD0-81F3-4233-95C8-E3197130F3CA}.Release|iPhone.ActiveCfg = Release|iPhone
		{6AC00FD0-81F3-4233-95C8-E3197130F3CA}.Release|iPhone.Build.0 = Release|iPhone
		{6AC00FD0-81F3-4233-95C8-E3197130F3CA}.Release|iPhoneSimulator.ActiveCfg = Release|iPhoneSimulator
		{6AC00FD0-81F3-4233-95C8-E3197130F3CA}.Release|iPhoneSimulator.Build.0 = Release|iPhoneSimulator
		{6AC00FD0-81F3-4233-95C8-E3197130F3CA}.Release|x64.ActiveCfg = Release|iPhone
		{6AC00FD0-81F3-4233-95C8-E3197130F3CA}.Release|x86.ActiveCfg = Release|iPhone
	EndGlobalSection
	GlobalSection(SolutionProperties) = preSolution
		HideSolutionNode = FALSE
	EndGlobalSection
	GlobalSection(NestedProjects) = preSolution
		{4B039377-2A3E-4EC1-9619-BF6404E4F817} = {2F0CB02D-4DCC-4B28-ACD8-F7B0D5795378}
		{ED837C38-475E-4153-97E8-5132F8F47825} = {2F0CB02D-4DCC-4B28-ACD8-F7B0D5795378}
		{6CB67749-949C-4CF1-9821-8525F985103D} = {2F0CB02D-4DCC-4B28-ACD8-F7B0D5795378}
		{6AC00FD0-81F3-4233-95C8-E3197130F3CA} = {2F0CB02D-4DCC-4B28-ACD8-F7B0D5795378}
	EndGlobalSection
EndGlobal
